
Microsoft Visual Studio Solution File, Format Version 12.00
# Visual Studio Version 16
VisualStudioVersion = 16.0.31424.327
MinimumVisualStudioVersion = 10.0.40219.1
Project("{FAE04EC0-301F-11D3-BF4B-00C04F79EFBC}") = "BeforeCon", "BeforeCon.csproj", "{D7C64EED-EBA9-4AC1-9629-DDE555315B80}"
EndProject
Global
	GlobalSection(SolutionConfigurationPlatforms) = preSolution
		Debug|Any CPU = Debug|Any CPU
		Release|Any CPU = Release|Any CPU
	EndGlobalSection
	GlobalSection(ProjectConfigurationPlatforms) = postSolution
		{D7C64EED-EBA9-4AC1-9629-DDE555315B80}.Debug|Any CPU.ActiveCfg = Debug|Any CPU
		{D7C64EED-EBA9-4AC1-9629-DDE555315B80}.Debug|Any CPU.Build.0 = Debug|Any CPU
		{D7C64EED-EBA9-4AC1-9629-DDE555315B80}.Release|Any CPU.ActiveCfg = Release|Any CPU
		{D7C64EED-EBA9-4AC1-9629-DDE555315B80}.Release|Any CPU.Build.0 = Release|Any CPU
	EndGlobalSection
	GlobalSection(SolutionProperties) = preSolution
		HideSolutionNode = FALSE
	EndGlobalSection
	GlobalSection(ExtensibilityGlobals) = postSolution
		SolutionGuid = {4E7F059B-CC3C-4EF1-92B1-5436CCD335B5}
	EndGlobalSection
EndGlobal
